
Microsoft Visual Studio Solution File, Format Version 9.00
# Visual Studio 2005
Project("{FAE04EC0-301F-11D3-BF4B-00C04F79EFBC}") = "EXMsg_Client", "EXMsg_Client.csproj", "{BF421C0E-81B7-482F-AA8B-313AFE0A44A8}"
EndProject
Project("{54435603-DBB4-11D2-8724-00A0C9A8B90C}") = "Setup", "C:\Users\ㄱ\Desktop\메신저\Setup\Setup.vdproj", "{510AB8B7-A6BA-4145-A98C-73451143CCB1}"
EndProject
Global
	GlobalSection(SolutionConfigurationPlatforms) = preSolution
		Debug|Any CPU = Debug|Any CPU
		Release|Any CPU = Release|Any CPU
	EndGlobalSection
	GlobalSection(ProjectConfigurationPlatforms) = postSolution
		{BF421C0E-81B7-482F-AA8B-313AFE0A44A8}.Debug|Any CPU.ActiveCfg = Debug|Any CPU
		{BF421C0E-81B7-482F-AA8B-313AFE0A44A8}.Debug|Any CPU.Build.0 = Debug|Any CPU
		{BF421C0E-81B7-482F-AA8B-313AFE0A44A8}.Release|Any CPU.ActiveCfg = Release|Any CPU
		{BF421C0E-81B7-482F-AA8B-313AFE0A44A8}.Release|Any CPU.Build.0 = Release|Any CPU
		{510AB8B7-A6BA-4145-A98C-73451143CCB1}.Debug|Any CPU.ActiveCfg = Debug
		{510AB8B7-A6BA-4145-A98C-73451143CCB1}.Release|Any CPU.ActiveCfg = Release
	EndGlobalSection
	GlobalSection(SolutionProperties) = preSolution
		HideSolutionNode = FALSE
	EndGlobalSection
EndGlobal
